{
  "requires": true,
  "lockfileVersion": 1,
  "dependencies": {
    "leaflet": {
      "version": "1.7.1",
      "resolved": "https://registry.npmjs.org/leaflet/-/leaflet-1.7.1.tgz",
      "integrity": "sha512-/xwPEBidtg69Q3HlqPdU3DnrXQOvQU/CCHA1tcDQVzOwm91YMYaILjNp7L4Eaw5Z4sOYdbBz6koWyibppd8Zqw=="
    },
    "leaflet-geosearch": {
      "version": "3.3.1",
      "resolved": "https://registry.npmjs.org/leaflet-geosearch/-/leaflet-geosearch-3.3.1.tgz",
      "integrity": "sha512-Hzs6Jday7jqe3lvZrw5sfDpiAKzU83RfewAqQIj4hdN9IsmEs7mNhwwMXUr/5IoKUwJ6p5Db4gtTyxaeizOaTA==",
      "requires": {
        "leaflet": "^1.6.0"
      }
    }
  }
}
